
Microsoft Visual Studio Solution File, Format Version 12.00
# Visual Studio Version 17
VisualStudioVersion = 17.8.34330.188
MinimumVisualStudioVersion = 10.0.40219.1
Project("{FAE04EC0-301F-11D3-BF4B-00C04F79EFBC}") = "IFC_Converter.App", "IFC_Converter.App\IFC_Converter.App.csproj", "{418AC6E4-6F4B-4068-BBAB-69D2EACA9596}"
EndProject
Project("{9A19103F-16F7-4668-BE54-9A1E7A4F7556}") = "IFC_Converter.ClassLibrary", "IFC_Converter.ClassLibrary\IFC_Converter.ClassLibrary.csproj", "{DC9E2F7D-7F8D-47E2-B290-61150718CE78}"
EndProject
Global
	GlobalSection(SolutionConfigurationPlatforms) = preSolution
		Debug|Any CPU = Debug|Any CPU
		Release|Any CPU = Release|Any CPU
	EndGlobalSection
	GlobalSection(ProjectConfigurationPlatforms) = postSolution
		{418AC6E4-6F4B-4068-BBAB-69D2EACA9596}.Debug|Any CPU.ActiveCfg = Debug|Any CPU
		{418AC6E4-6F4B-4068-BBAB-69D2EACA9596}.Debug|Any CPU.Build.0 = Debug|Any CPU
		{418AC6E4-6F4B-4068-BBAB-69D2EACA9596}.Release|Any CPU.ActiveCfg = Release|Any CPU
		{418AC6E4-6F4B-4068-BBAB-69D2EACA9596}.Release|Any CPU.Build.0 = Release|Any CPU
		{DC9E2F7D-7F8D-47E2-B290-61150718CE78}.Debug|Any CPU.ActiveCfg = Debug|Any CPU
		{DC9E2F7D-7F8D-47E2-B290-61150718CE78}.Debug|Any CPU.Build.0 = Debug|Any CPU
		{DC9E2F7D-7F8D-47E2-B290-61150718CE78}.Release|Any CPU.ActiveCfg = Release|Any CPU
		{DC9E2F7D-7F8D-47E2-B290-61150718CE78}.Release|Any CPU.Build.0 = Release|Any CPU
	EndGlobalSection
	GlobalSection(SolutionProperties) = preSolution
		HideSolutionNode = FALSE
	EndGlobalSection
	GlobalSection(ExtensibilityGlobals) = postSolution
		SolutionGuid = {D8EA1801-FA4E-4D11-B11E-4BE7B8C35753}
	EndGlobalSection
EndGlobal
